// !$*UTF8*$!
{
	archiveVersion = 1;
	classes = {
	};
	objectVersion = 50;
	objects = {

/* Begin PBXBuildFile section */
		009E0C1220A0922700EFE96A /* AppDelegate.m in Sources */ = {isa = PBXBuildFile; fileRef = 009E0C1120A0922700EFE96A /* AppDelegate.m */; };
		009E0C1520A0922700EFE96A /* ViewController.m in Sources */ = {isa = PBXBuildFile; fileRef = 009E0C1420A0922700EFE96A /* ViewController.m */; };
		009E0C1820A0922700EFE96A /* Main.storyboard in Resources */ = {isa = PBXBuildFile; fileRef = 009E0C1620A0922700EFE96A /* Main.storyboard */; };
		009E0C1A20A0922A00EFE96A /* Assets.xcassets in Resources */ = {isa = PBXBuildFile; fileRef = 009E0C1920A0922A00EFE96A /* Assets.xcassets */; };
		009E0C1D20A0922A00EFE96A /* LaunchScreen.storyboard in Resources */ = {isa = PBXBuildFile; fileRef = 009E0C1B20A0922A00EFE96A /* LaunchScreen.storyboard */; };
		009E0C2020A0922A00EFE96A /* main.m in Sources */ = {isa = PBXBuildFile; fileRef = 009E0C1F20A0922A00EFE96A /* main.m */; };
		009E0C2920A0926200EFE96A /* FTSegmentedView.m in Sources */ = {isa = PBXBuildFile; fileRef = 009E0C2720A0926200EFE96A /* FTSegmentedView.m */; };
/* End PBXBuildFile section */

/* Begin PBXFileReference section */
		009E0C0D20A0922700EFE96A /* FTSegmentedView.app */ = {isa = PBXFileReference; explicitFileType = wrapper.application; includeInIndex = 0; path = FTSegmentedView.app; sourceTree = BUILT_PRODUCTS_DIR; };
		009E0C1020A0922700EFE96A /* AppDelegate.h */ = {isa = PBXFileReference; lastKnownFileType = sourcecode.c.h; path = AppDelegate.h; sourceTree = "<group>"; };
		009E0C1120A0922700EFE96A /* AppDelegate.m */ = {isa = PBXFileReference; lastKnownFileType = sourcecode.c.objc; path = AppDelegate.m; sourceTree = "<group>"; };
		009E0C1320A0922700EFE96A /* ViewController.h */ = {isa = PBXFileReference; lastKnownFileType = sourcecode.c.h; path = ViewController.h; sourceTree = "<group>"; };
		009E0C1420A0922700EFE96A /* ViewController.m */ = {isa = PBXFileReference; lastKnownFileType = sourcecode.c.objc; path = ViewController.m; sourceTree = "<group>"; };
		009E0C1720A0922700EFE96A /* Base */ = {isa = PBXFileReference; lastKnownFileType = file.storyboard; name = Base; path = Base.lproj/Main.storyboard; sourceTree = "<group>"; };
		009E0C1920A0922A00EFE96A /* Assets.xcassets */ = {isa = PBXFileReference; lastKnownFileType = folder.assetcatalog; path = Assets.xcassets; sourceTree = "<group>"; };
		009E0C1C20A0922A00EFE96A /* Base */ = {isa = PBXFileReference; lastKnownFileType = file.storyboard; name = Base; path = Base.lproj/LaunchScreen.storyboard; sourceTree = "<group>"; };
		009E0C1E20A0922A00EFE96A /* Info.plist */ = {isa = PBXFileReference; lastKnownFileType = text.plist.xml; path = Info.plist; sourceTree = "<group>"; };
		009E0C1F20A0922A00EFE96A /* main.m */ = {isa = PBXFileReference; lastKnownFileType = sourcecode.c.objc; path = main.m; sourceTree = "<group>"; };
		009E0C2720A0926200EFE96A /* FTSegmentedView.m */ = {isa = PBXFileReference; fileEncoding = 4; lastKnownFileType = sourcecode.c.objc; path = FTSegmentedView.m; sourceTree = "<group>"; };
		009E0C2820A0926200EFE96A /* FTSegmentedView.h */ = {isa = PBXFileReference; fileEncoding = 4; lastKnownFileType = sourcecode.c.h; path = FTSegmentedView.h; sourceTree = "<group>"; };
/* End PBXFileReference section */

/* Begin PBXFrameworksBuildPhase section */
		009E0C0A20A0922700EFE96A /* Frameworks */ = {
			isa = PBXFrameworksBuildPhase;
			buildActionMask = 2147483647;
			files = (
			);
			runOnlyForDeploymentPostprocessing = 0;
		};
/* End PBXFrameworksBuildPhase section */

/* Begin PBXGroup section */
		009E0C0420A0922700EFE96A = {
			isa = PBXGroup;
			children = (
				009E0C0F20A0922700EFE96A /* FTSegmentedView */,
				009E0C0E20A0922700EFE96A /* Products */,
			);
			sourceTree = "<group>";
		};
		009E0C0E20A0922700EFE96A /* Products */ = {
			isa = PBXGroup;
			children = (
				009E0C0D20A0922700EFE96A /* FTSegmentedView.app */,
			);
			name = Products;
			sourceTree = "<group>";
		};
		009E0C0F20A0922700EFE96A /* FTSegmentedView */ = {
			isa = PBXGroup;
			children = (
				009E0C2620A0926200EFE96A /* src */,
				009E0C1020A0922700EFE96A /* AppDelegate.h */,
				009E0C1120A0922700EFE96A /* AppDelegate.m */,
				009E0C1320A0922700EFE96A /* ViewController.h */,
				009E0C1420A0922700EFE96A /* ViewController.m */,
				009E0C1620A0922700EFE96A /* Main.storyboard */,
				009E0C1920A0922A00EFE96A /* Assets.xcassets */,
				009E0C1B20A0922A00EFE96A /* LaunchScreen.storyboard */,
				009E0C1E20A0922A00EFE96A /* Info.plist */,
				009E0C1F20A0922A00EFE96A /* main.m */,
			);
			path = FTSegmentedView;
			sourceTree = "<group>";
		};
		009E0C2620A0926200EFE96A /* src */ = {
			isa = PBXGroup;
			children = (
				009E0C2720A0926200EFE96A /* FTSegmentedView.m */,
				009E0C2820A0926200EFE96A /* FTSegmentedView.h */,
			);
			path = src;
			sourceTree = "<group>";
		};
/* End PBXGroup section */

/* Begin PBXNativeTarget section */
		009E0C0C20A0922700EFE96A /* FTSegmentedView */ = {
			isa = PBXNativeTarget;
			buildConfigurationList = 009E0C2320A0922A00EFE96A /* Build configuration list for PBXNativeTarget "FTSegmentedView" */;
			buildPhases = (
				009E0C0920A0922700EFE96A /* Sources */,
				009E0C0A20A0922700EFE96A /* Frameworks */,
				009E0C0B20A0922700EFE96A /* Resources */,
			);
			buildRules = (
			);
			dependencies = (
			);
			name = FTSegmentedView;
			productName = FTSegmentedView;
			productReference = 009E0C0D20A0922700EFE96A /* FTSegmentedView.app */;
			productType = "com.apple.product-type.application";
		};
/* End PBXNativeTarget section */

/* Begin PBXProject section */
		009E0C0520A0922700EFE96A /* Project object */ = {
			isa = PBXProject;
			attributes = {
				LastUpgradeCheck = 0930;
				ORGANIZATIONNAME = FinderTiwk;
				TargetAttributes = {
					009E0C0C20A0922700EFE96A = {
						CreatedOnToolsVersion = 9.3;
					};
				};
			};
			buildConfigurationList = 009E0C0820A0922700EFE96A /* Build configuration list for PBXProject "FTSegmentedView" */;
			compatibilityVersion = "Xcode 9.3";
			developmentRegion = en;
			hasScannedForEncodings = 0;
			knownRegions = (
				en,
				Base,
			);
			mainGroup = 009E0C0420A0922700EFE96A;
			productRefGroup = 009E0C0E20A0922700EFE96A /* Products */;
			projectDirPath = "";
			projectRoot = "";
			targets = (
				009E0C0C20A0922700EFE96A /* FTSegmentedView */,
			);
		};
/* End PBXProject section */

/* Begin PBXResourcesBuildPhase section */
		009E0C0B20A0922700EFE96A /* Resources */ = {
			isa = PBXResourcesBuildPhase;
			buildActionMask = 2147483647;
			files = (
				009E0C1D20A0922A00EFE96A /* LaunchScreen.storyboard in Resources */,
				009E0C1A20A0922A00EFE96A /* Assets.xcassets in Resources */,
				009E0C1820A0922700EFE96A /* Main.storyboard in Resources */,
			);
			runOnlyForDeploymentPostprocessing = 0;
		};
/* End PBXResourcesBuildPhase section */

/* Begin PBXSourcesBuildPhase section */
		009E0C0920A0922700EFE96A /* Sources */ = {
			isa = PBXSourcesBuildPhase;
			buildActionMask = 2147483647;
			files = (
				009E0C1520A0922700EFE96A /* ViewController.m in Sources */,
				009E0C2920A0926200EFE96A /* FTSegmentedView.m in Sources */,
				009E0C2020A0922A00EFE96A /* main.m in Sources */,
				009E0C1220A0922700EFE96A /* AppDelegate.m in Sources */,
			);
			runOnlyForDeploymentPostprocessing = 0;
		};
/* End PBXSourcesBuildPhase section */

/* Begin PBXVariantGroup section */
		009E0C1620A0922700EFE96A /* Main.storyboard */ = {
			isa = PBXVariantGroup;
			children = (
				009E0C1720A0922700EFE96A /* Base */,
			);
			name = Main.storyboard;
			sourceTree = "<group>";
		};
		009E0C1B20A0922A00EFE96A /* LaunchScreen.storyboard */ = {
			isa = PBXVariantGroup;
			children = (
				009E0C1C20A0922A00EFE96A /* Base */,
			);
			name = LaunchScreen.storyboard;
			sourceTree = "<group>";
		};
/* End PBXVariantGroup section */

/* Begin XCBuildConfiguration section */
		009E0C2120A0922A00EFE96A /* Debug */ = {
			isa = XCBuildConfiguration;
			buildSettings = {
				ALWAYS_SEARCH_USER_PATHS = NO;
				CLANG_ANALYZER_NONNULL = YES;
				CLANG_ANALYZER_NUMBER_OBJECT_CONVERSION = YES_AGGRESSIVE;
				CLANG_CXX_LANGUAGE_STANDARD = "gnu++14";
				CLANG_CXX_LIBRARY = "libc++";
				CLANG_ENABLE_MODULES = YES;
				CLANG_ENABLE_OBJC_ARC = YES;
				CLANG_ENABLE_OBJC_WEAK = YES;
				CLANG_WARN_BLOCK_CAPTURE_AUTORELEASING = YES;
				CLANG_WARN_BOOL_CONVERSION = YES;
				CLANG_WARN_COMMA = YES;
				CLANG_WARN_CONSTANT_CONVERSION = YES;
				CLANG_WARN_DEPRECATED_OBJC_IMPLEMENTATIONS = YES;
				CLANG_WARN_DIRECT_OBJC_ISA_USAGE = YES_ERROR;
				CLANG_WARN_DOCUMENTATION_COMMENTS = YES;
				CLANG_WARN_EMPTY_BODY = YES;
				CLANG_WARN_ENUM_CONVERSION = YES;
				CLANG_WARN_INFINITE_RECURSION = YES;
				CLANG_WARN_INT_CONVERSION = YES;
				CLANG_WARN_NON_LITERAL_NULL_CONVERSION = YES;
				CLANG_WARN_OBJC_IMPLICIT_RETAIN_SELF = YES;
				CLANG_WARN_OBJC_LITERAL_CONVERSION = YES;
				CLANG_WARN_OBJC_ROOT_CLASS = YES_ERROR;
				CLANG_WARN_RANGE_LOOP_ANALYSIS = YES;
				CLANG_WARN_STRICT_PROTOTYPES = YES;
				CLANG_WARN_SUSPICIOUS_MOVE = YES;
				CLANG_WARN_UNGUARDED_AVAILABILITY = YES_AGGRESSIVE;
				CLANG_WARN_UNREACHABLE_CODE = YES;
				CLANG_WARN__DUPLICATE_METHOD_MATCH = YES;
				CODE_SIGN_IDENTITY = "iPhone Developer";
				COPY_PHASE_STRIP = NO;
				DEBUG_INFORMATION_FORMAT = dwarf;
				ENABLE_STRICT_OBJC_MSGSEND = YES;
				ENABLE_TESTABILITY = YES;
				GCC_C_LANGUAGE_STANDARD = gnu11;
				GCC_DYNAMIC_NO_PIC = NO;
				GCC_NO_COMMON_BLOCKS = YES;
				GCC_OPTIMIZATION_LEVEL = 0;
				GCC_PREPROCESSOR_DEFINITIONS = (
					"DEBUG=1",
					"$(inherited)",
				);
				GCC_WARN_64_TO_32_BIT_CONVERSION = YES;
				GCC_WARN_ABOUT_RETURN_TYPE = YES_ERROR;
				GCC_WARN_UNDECLARED_SELECTOR = YES;
				GCC_WARN_UNINITIALIZED_AUTOS = YES_AGGRESSIVE;
				GCC_WARN_UNUSED_FUNCTION = YES;
				GCC_WARN_UNUSED_VARIABLE = YES;
				IPHONEOS_DEPLOYMENT_TARGET = 11.3;
				MTL_ENABLE_DEBUG_INFO = YES;
				ONLY_ACTIVE_ARCH = YES;
				SDKROOT = iphoneos;
			};
			name = Debug;
		};
		009E0C2220A0922A00EFE96A /* Release */ = {
			isa = XCBuildConfiguration;
			buildSettings = {
				ALWAYS_SEARCH_USER_PATHS = NO;
				CLANG_ANALYZER_NONNULL = YES;
				CLANG_ANALYZER_NUMBER_OBJECT_CONVERSION = YES_AGGRESSIVE;
				CLANG_CXX_LANGUAGE_STANDARD = "gnu++14";
				CLANG_CXX_LIBRARY = "libc++";
				CLANG_ENABLE_MODULES = YES;
				CLANG_ENABLE_OBJC_ARC = YES;
				CLANG_ENABLE_OBJC_WEAK = YES;
				CLANG_WARN_BLOCK_CAPTURE_AUTORELEASING = YES;
				CLANG_WARN_BOOL_CONVERSION = YES;
				CLANG_WARN_COMMA = YES;
				CLANG_WARN_CONSTANT_CONVERSION = YES;
				CLANG_WARN_DEPRECATED_OBJC_IMPLEMENTATIONS = YES;
				CLANG_WARN_DIRECT_OBJC_ISA_USAGE = YES_ERROR;
				CLANG_WARN_DOCUMENTATION_COMMENTS = YES;
				CLANG_WARN_EMPTY_BODY = YES;
				CLANG_WARN_ENUM_CONVERSION = YES;
				CLANG_WARN_INFINITE_RECURSION = YES;
				CLANG_WARN_INT_CONVERSION = YES;
				CLANG_WARN_NON_LITERAL_NULL_CONVERSION = YES;
				CLANG_WARN_OBJC_IMPLICIT_RETAIN_SELF = YES;
				CLANG_WARN_OBJC_LITERAL_CONVERSION = YES;
				CLANG_WARN_OBJC_ROOT_CLASS = YES_ERROR;
				CLANG_WARN_RANGE_LOOP_ANALYSIS = YES;
				CLANG_WARN_STRICT_PROTOTYPES = YES;
				CLANG_WARN_SUSPICIOUS_MOVE = YES;
				CLANG_WARN_UNGUARDED_AVAILABILITY = YES_AGGRESSIVE;
				CLANG_WARN_UNREACHABLE_CODE = YES;
				CLANG_WARN__DUPLICATE_METHOD_MATCH = YES;
				CODE_SIGN_IDENTITY = "iPhone Developer";
				COPY_PHASE_STRIP = NO;
				DEBUG_INFORMATION_FORMAT = "dwarf-with-dsym";
				ENABLE_NS_ASSERTIONS = NO;
				ENABLE_STRICT_OBJC_MSGSEND = YES;
				GCC_C_LANGUAGE_STANDARD = gnu11;
				GCC_NO_COMMON_BLOCKS = YES;
				GCC_WARN_64_TO_32_BIT_CONVERSION = YES;
				GCC_WARN_ABOUT_RETURN_TYPE = YES_ERROR;
				GCC_WARN_UNDECLARED_SELECTOR = YES;
				GCC_WARN_UNINITIALIZED_AUTOS = YES_AGGRESSIVE;
				GCC_WARN_UNUSED_FUNCTION = YES;
				GCC_WARN_UNUSED_VARIABLE = YES;
				IPHONEOS_DEPLOYMENT_TARGET = 11.3;
				MTL_ENABLE_DEBUG_INFO = NO;
				SDKROOT = iphoneos;
				VALIDATE_PRODUCT = YES;
			};
			name = Release;
		};
		009E0C2420A0922A00EFE96A /* Debug */ = {
			isa = XCBuildConfiguration;
			buildSettings = {
				ASSETCATALOG_COMPILER_APPICON_NAME = AppIcon;
				CODE_SIGN_STYLE = Manual;
				DEVELOPMENT_TEAM = "";
				INFOPLIST_FILE = FTSegmentedView/Info.plist;
				LD_RUNPATH_SEARCH_PATHS = (
					"$(inherited)",
					"@executable_path/Frameworks",
				);
				PRODUCT_BUNDLE_IDENTIFIER = com.finderTiwk.FTSegmentedView;
				PRODUCT_NAME = "$(TARGET_NAME)";
				PROVISIONING_PROFILE_SPECIFIER = "";
				TARGETED_DEVICE_FAMILY = "1,2";
			};
			name = Debug;
		};
		009E0C2520A0922A00EFE96A /* Release */ = {
			isa = XCBuildConfiguration;
			buildSettings = {
				ASSETCATALOG_COMPILER_APPICON_NAME = AppIcon;
				CODE_SIGN_STYLE = Manual;
				DEVELOPMENT_TEAM = "";
				INFOPLIST_FILE = FTSegmentedView/Info.plist;
				LD_RUNPATH_SEARCH_PATHS = (
					"$(inherited)",
					"@executable_path/Frameworks",
				);
				PRODUCT_BUNDLE_IDENTIFIER = com.finderTiwk.FTSegmentedView;
				PRODUCT_NAME = "$(TARGET_NAME)";
				PROVISIONING_PROFILE_SPECIFIER = "";
				TARGETED_DEVICE_FAMILY = "1,2";
			};
			name = Release;
		};
/* End XCBuildConfiguration section */

/* Begin XCConfigurationList section */
		009E0C0820A0922700EFE96A /* Build configuration list for PBXProject "FTSegmentedView" */ = {
			isa = XCConfigurationList;
			buildConfigurations = (
				009E0C2120A0922A00EFE96A /* Debug */,
				009E0C2220A0922A00EFE96A /* Release */,
			);
			defaultConfigurationIsVisible = 0;
			defaultConfigurationName = Release;
		};
		009E0C2320A0922A00EFE96A /* Build configuration list for PBXNativeTarget "FTSegmentedView" */ = {
			isa = XCConfigurationList;
			buildConfigurations = (
				009E0C2420A0922A00EFE96A /* Debug */,
				009E0C2520A0922A00EFE96A /* Release */,
			);
			defaultConfigurationIsVisible = 0;
			defaultConfigurationName = Release;
		};
/* End XCConfigurationList section */
	};
	rootObject = 009E0C0520A0922700EFE96A /* Project object */;
}
